
Microsoft Visual Studio Solution File, Format Version 12.00
# Visual Studio Version 16
VisualStudioVersion = 16.0.30517.126
MinimumVisualStudioVersion = 10.0.40219.1
Project("{FAE04EC0-301F-11D3-BF4B-00C04F79EFBC}") = "UserMaintenance", "UserMaintenance\UserMaintenance.csproj", "{6B47DFB6-ABF6-4CB1-99DB-AA245F5B5A4D}"
EndProject
Project("{FAE04EC0-301F-11D3-BF4B-00C04F79EFBC}") = "week05", "week05\week05.csproj", "{38ACD3B8-10D3-4606-BDD0-1E0B201CE248}"
EndProject
Global
	GlobalSection(SolutionConfigurationPlatforms) = preSolution
		Debug|Any CPU = Debug|Any CPU
		Release|Any CPU = Release|Any CPU
	EndGlobalSection
	GlobalSection(ProjectConfigurationPlatforms) = postSolution
		{6B47DFB6-ABF6-4CB1-99DB-AA245F5B5A4D}.Debug|Any CPU.ActiveCfg = Debug|Any CPU
		{6B47DFB6-ABF6-4CB1-99DB-AA245F5B5A4D}.Debug|Any CPU.Build.0 = Debug|Any CPU
		{6B47DFB6-ABF6-4CB1-99DB-AA245F5B5A4D}.Release|Any CPU.ActiveCfg = Release|Any CPU
		{6B47DFB6-ABF6-4CB1-99DB-AA245F5B5A4D}.Release|Any CPU.Build.0 = Release|Any CPU
		{38ACD3B8-10D3-4606-BDD0-1E0B201CE248}.Debug|Any CPU.ActiveCfg = Debug|Any CPU
		{38ACD3B8-10D3-4606-BDD0-1E0B201CE248}.Debug|Any CPU.Build.0 = Debug|Any CPU
		{38ACD3B8-10D3-4606-BDD0-1E0B201CE248}.Release|Any CPU.ActiveCfg = Release|Any CPU
		{38ACD3B8-10D3-4606-BDD0-1E0B201CE248}.Release|Any CPU.Build.0 = Release|Any CPU
	EndGlobalSection
	GlobalSection(SolutionProperties) = preSolution
		HideSolutionNode = FALSE
	EndGlobalSection
	GlobalSection(ExtensibilityGlobals) = postSolution
		SolutionGuid = {FD23FC8C-FA55-4426-9CEB-C28523CD7233}
	EndGlobalSection
EndGlobal
